{
  "lockfileVersion": 1,
  "configVersion": 1,
  "workspaces": {
    "": {},
    "bin/web": {
      "name": "longtime-web",
      "devDependencies": {
        "tailwindcss": "^4.0.0",
      },
    },
  },
  "packages": {
    "longtime-web": ["longtime-web@workspace:bin/web"],

    "tailwindcss": ["tailwindcss@4.1.18", "https://registry.npmmirror.com/tailwindcss/-/tailwindcss-4.1.18.tgz", {}, "sha512-4+Z+0yiYyEtUVCScyfHCxOYP06L5Ne+JiHhY2IjR2KWMIWhJOYZKLSGZaP5HkZ8+bY0cxfzwDE5uOmzFXyIwxw=="],
  }
}
